
Microsoft Visual Studio Solution File, Format Version 12.00
# Visual Studio Version 16
VisualStudioVersion = 16.0.32126.315
MinimumVisualStudioVersion = 10.0.40219.1
Project("{FAE04EC0-301F-11D3-BF4B-00C04F79EFBC}") = "ParserApi", "ParserApi.csproj", "{EE46FF09-5363-4990-BFF8-66FDFC30B1EA}"
EndProject
Global
	GlobalSection(SolutionConfigurationPlatforms) = preSolution
		Debug|Any CPU = Debug|Any CPU
		Release|Any CPU = Release|Any CPU
	EndGlobalSection
	GlobalSection(ProjectConfigurationPlatforms) = postSolution
		{EE46FF09-5363-4990-BFF8-66FDFC30B1EA}.Debug|Any CPU.ActiveCfg = Debug|Any CPU
		{EE46FF09-5363-4990-BFF8-66FDFC30B1EA}.Debug|Any CPU.Build.0 = Debug|Any CPU
		{EE46FF09-5363-4990-BFF8-66FDFC30B1EA}.Release|Any CPU.ActiveCfg = Release|Any CPU
		{EE46FF09-5363-4990-BFF8-66FDFC30B1EA}.Release|Any CPU.Build.0 = Release|Any CPU
	EndGlobalSection
	GlobalSection(SolutionProperties) = preSolution
		HideSolutionNode = FALSE
	EndGlobalSection
	GlobalSection(ExtensibilityGlobals) = postSolution
		SolutionGuid = {F17D8A50-AF28-4C65-89A7-910EFA7ABEF2}
	EndGlobalSection
EndGlobal
